
Microsoft Visual Studio Solution File, Format Version 12.00
# Visual Studio Version 16
VisualStudioVersion = 16.0.30804.86
MinimumVisualStudioVersion = 10.0.40219.1
Project("{FAE04EC0-301F-11D3-BF4B-00C04F79EFBC}") = "ClienteTCP", "ClienteTCP.csproj", "{DAD88682-4F5D-4AD1-B808-046CCC1ACDE6}"
EndProject
Global
	GlobalSection(SolutionConfigurationPlatforms) = preSolution
		Debug|Any CPU = Debug|Any CPU
		Release|Any CPU = Release|Any CPU
	EndGlobalSection
	GlobalSection(ProjectConfigurationPlatforms) = postSolution
		{DAD88682-4F5D-4AD1-B808-046CCC1ACDE6}.Debug|Any CPU.ActiveCfg = Debug|Any CPU
		{DAD88682-4F5D-4AD1-B808-046CCC1ACDE6}.Debug|Any CPU.Build.0 = Debug|Any CPU
		{DAD88682-4F5D-4AD1-B808-046CCC1ACDE6}.Release|Any CPU.ActiveCfg = Release|Any CPU
		{DAD88682-4F5D-4AD1-B808-046CCC1ACDE6}.Release|Any CPU.Build.0 = Release|Any CPU
	EndGlobalSection
	GlobalSection(SolutionProperties) = preSolution
		HideSolutionNode = FALSE
	EndGlobalSection
	GlobalSection(ExtensibilityGlobals) = postSolution
		SolutionGuid = {60073CD6-E30B-4E53-ACBB-5558F704239B}
	EndGlobalSection
EndGlobal
